// !$*UTF8*$!
{
	archiveVersion = 1;
	classes = {
	};
	objectVersion = 50;
	objects = {

/* Begin PBXBuildFile section */
		AA006F3D217CF16E00A5392C /* QuoteBook.swift in Sources */ = {isa = PBXBuildFile; fileRef = AA006F3C217CF16E00A5392C /* QuoteBook.swift */; };
		AA006F40217D0EF900A5392C /* Quote.swift in Sources */ = {isa = PBXBuildFile; fileRef = AA006F3F217D0EF900A5392C /* Quote.swift */; };
		AA4D6EC8217CD92C001CFE56 /* AppDelegate.swift in Sources */ = {isa = PBXBuildFile; fileRef = AA4D6EC7217CD92C001CFE56 /* AppDelegate.swift */; };
		AA4D6ECA217CD92C001CFE56 /* ViewController.swift in Sources */ = {isa = PBXBuildFile; fileRef = AA4D6EC9217CD92C001CFE56 /* ViewController.swift */; };
		AA4D6ECD217CD92C001CFE56 /* Main.storyboard in Resources */ = {isa = PBXBuildFile; fileRef = AA4D6ECB217CD92C001CFE56 /* Main.storyboard */; };
		AA4D6ECF217CD92D001CFE56 /* Assets.xcassets in Resources */ = {isa = PBXBuildFile; fileRef = AA4D6ECE217CD92D001CFE56 /* Assets.xcassets */; };
		AA4D6ED2217CD92D001CFE56 /* LaunchScreen.storyboard in Resources */ = {isa = PBXBuildFile; fileRef = AA4D6ED0217CD92D001CFE56 /* LaunchScreen.storyboard */; };
		AA7A766A21E911180056C98E /* circulo2.png in Resources */ = {isa = PBXBuildFile; fileRef = AA7A766721E911180056C98E /* circulo2.png */; };
		AA7A766B21E911180056C98E /* circulo2@3x.png in Resources */ = {isa = PBXBuildFile; fileRef = AA7A766821E911180056C98E /* circulo2@3x.png */; };
		AA7A766C21E911180056C98E /* circulo2@2x.png in Resources */ = {isa = PBXBuildFile; fileRef = AA7A766921E911180056C98E /* circulo2@2x.png */; };
		AA7A767021E9131E0056C98E /* circulo@3x.png in Resources */ = {isa = PBXBuildFile; fileRef = AA7A766D21E9131D0056C98E /* circulo@3x.png */; };
		AA7A767121E9131E0056C98E /* circulo.png in Resources */ = {isa = PBXBuildFile; fileRef = AA7A766E21E9131E0056C98E /* circulo.png */; };
		AA7A767221E9131E0056C98E /* circulo@2x.png in Resources */ = {isa = PBXBuildFile; fileRef = AA7A766F21E9131E0056C98E /* circulo@2x.png */; };
		AA7A767621E9146A0056C98E /* circulo6.png in Resources */ = {isa = PBXBuildFile; fileRef = AA7A767321E9146A0056C98E /* circulo6.png */; };
		AA7A767721E9146A0056C98E /* circulo6@3x.png in Resources */ = {isa = PBXBuildFile; fileRef = AA7A767421E9146A0056C98E /* circulo6@3x.png */; };
		AA7A767821E9146A0056C98E /* circulo6@2x.png in Resources */ = {isa = PBXBuildFile; fileRef = AA7A767521E9146A0056C98E /* circulo6@2x.png */; };
		AAF8165621EA8B8700A94797 /* circulo1@2x.png in Resources */ = {isa = PBXBuildFile; fileRef = AAF8165321EA8B8700A94797 /* circulo1@2x.png */; };
		AAF8165721EA8B8700A94797 /* circulo1.png in Resources */ = {isa = PBXBuildFile; fileRef = AAF8165421EA8B8700A94797 /* circulo1.png */; };
		AAF8165821EA8B8700A94797 /* circulo1@3x.png in Resources */ = {isa = PBXBuildFile; fileRef = AAF8165521EA8B8700A94797 /* circulo1@3x.png */; };
		AAF8165C21EA8C0D00A94797 /* circulo3@2x.png in Resources */ = {isa = PBXBuildFile; fileRef = AAF8165921EA8C0C00A94797 /* circulo3@2x.png */; };
		AAF8165D21EA8C0D00A94797 /* circulo3.png in Resources */ = {isa = PBXBuildFile; fileRef = AAF8165A21EA8C0C00A94797 /* circulo3.png */; };
		AAF8165E21EA8C0D00A94797 /* circulo3@3x.png in Resources */ = {isa = PBXBuildFile; fileRef = AAF8165B21EA8C0D00A94797 /* circulo3@3x.png */; };
		AAF8166221EA8C7100A94797 /* circulo5.png in Resources */ = {isa = PBXBuildFile; fileRef = AAF8165F21EA8C7100A94797 /* circulo5.png */; };
		AAF8166321EA8C7100A94797 /* circulo5@3x.png in Resources */ = {isa = PBXBuildFile; fileRef = AAF8166021EA8C7100A94797 /* circulo5@3x.png */; };
		AAF8166421EA8C7100A94797 /* circulo5@2x.png in Resources */ = {isa = PBXBuildFile; fileRef = AAF8166121EA8C7100A94797 /* circulo5@2x.png */; };
/* End PBXBuildFile section */

/* Begin PBXFileReference section */
		AA006F3C217CF16E00A5392C /* QuoteBook.swift */ = {isa = PBXFileReference; lastKnownFileType = sourcecode.swift; path = QuoteBook.swift; sourceTree = "<group>"; };
		AA006F3F217D0EF900A5392C /* Quote.swift */ = {isa = PBXFileReference; lastKnownFileType = sourcecode.swift; path = Quote.swift; sourceTree = "<group>"; };
		AA4D6EC4217CD92C001CFE56 /* Quotes.app */ = {isa = PBXFileReference; explicitFileType = wrapper.application; includeInIndex = 0; path = Quotes.app; sourceTree = BUILT_PRODUCTS_DIR; };
		AA4D6EC7217CD92C001CFE56 /* AppDelegate.swift */ = {isa = PBXFileReference; lastKnownFileType = sourcecode.swift; path = AppDelegate.swift; sourceTree = "<group>"; };
		AA4D6EC9217CD92C001CFE56 /* ViewController.swift */ = {isa = PBXFileReference; lastKnownFileType = sourcecode.swift; path = ViewController.swift; sourceTree = "<group>"; };
		AA4D6ECC217CD92C001CFE56 /* Base */ = {isa = PBXFileReference; lastKnownFileType = file.storyboard; name = Base; path = Base.lproj/Main.storyboard; sourceTree = "<group>"; };
		AA4D6ECE217CD92D001CFE56 /* Assets.xcassets */ = {isa = PBXFileReference; lastKnownFileType = folder.assetcatalog; path = Assets.xcassets; sourceTree = "<group>"; };
		AA4D6ED1217CD92D001CFE56 /* Base */ = {isa = PBXFileReference; lastKnownFileType = file.storyboard; name = Base; path = Base.lproj/LaunchScreen.storyboard; sourceTree = "<group>"; };
		AA4D6ED3217CD92D001CFE56 /* Info.plist */ = {isa = PBXFileReference; lastKnownFileType = text.plist.xml; path = Info.plist; sourceTree = "<group>"; };
		AA7A766721E911180056C98E /* circulo2.png */ = {isa = PBXFileReference; lastKnownFileType = image.png; path = circulo2.png; sourceTree = "<group>"; };
		AA7A766821E911180056C98E /* circulo2@3x.png */ = {isa = PBXFileReference; lastKnownFileType = image.png; path = "circulo2@3x.png"; sourceTree = "<group>"; };
		AA7A766921E911180056C98E /* circulo2@2x.png */ = {isa = PBXFileReference; lastKnownFileType = image.png; path = "circulo2@2x.png"; sourceTree = "<group>"; };
		AA7A766D21E9131D0056C98E /* circulo@3x.png */ = {isa = PBXFileReference; lastKnownFileType = image.png; path = "circulo@3x.png"; sourceTree = "<group>"; };
		AA7A766E21E9131E0056C98E /* circulo.png */ = {isa = PBXFileReference; lastKnownFileType = image.png; path = circulo.png; sourceTree = "<group>"; };
		AA7A766F21E9131E0056C98E /* circulo@2x.png */ = {isa = PBXFileReference; lastKnownFileType = image.png; path = "circulo@2x.png"; sourceTree = "<group>"; };
		AA7A767321E9146A0056C98E /* circulo6.png */ = {isa = PBXFileReference; lastKnownFileType = image.png; path = circulo6.png; sourceTree = "<group>"; };
		AA7A767421E9146A0056C98E /* circulo6@3x.png */ = {isa = PBXFileReference; lastKnownFileType = image.png; path = "circulo6@3x.png"; sourceTree = "<group>"; };
		AA7A767521E9146A0056C98E /* circulo6@2x.png */ = {isa = PBXFileReference; lastKnownFileType = image.png; path = "circulo6@2x.png"; sourceTree = "<group>"; };
		AAF8165321EA8B8700A94797 /* circulo1@2x.png */ = {isa = PBXFileReference; lastKnownFileType = image.png; path = "circulo1@2x.png"; sourceTree = "<group>"; };
		AAF8165421EA8B8700A94797 /* circulo1.png */ = {isa = PBXFileReference; lastKnownFileType = image.png; path = circulo1.png; sourceTree = "<group>"; };
		AAF8165521EA8B8700A94797 /* circulo1@3x.png */ = {isa = PBXFileReference; lastKnownFileType = image.png; path = "circulo1@3x.png"; sourceTree = "<group>"; };
		AAF8165921EA8C0C00A94797 /* circulo3@2x.png */ = {isa = PBXFileReference; lastKnownFileType = image.png; path = "circulo3@2x.png"; sourceTree = "<group>"; };
		AAF8165A21EA8C0C00A94797 /* circulo3.png */ = {isa = PBXFileReference; lastKnownFileType = image.png; path = circulo3.png; sourceTree = "<group>"; };
		AAF8165B21EA8C0D00A94797 /* circulo3@3x.png */ = {isa = PBXFileReference; lastKnownFileType = image.png; path = "circulo3@3x.png"; sourceTree = "<group>"; };
		AAF8165F21EA8C7100A94797 /* circulo5.png */ = {isa = PBXFileReference; lastKnownFileType = image.png; path = circulo5.png; sourceTree = "<group>"; };
		AAF8166021EA8C7100A94797 /* circulo5@3x.png */ = {isa = PBXFileReference; lastKnownFileType = image.png; path = "circulo5@3x.png"; sourceTree = "<group>"; };
		AAF8166121EA8C7100A94797 /* circulo5@2x.png */ = {isa = PBXFileReference; lastKnownFileType = image.png; path = "circulo5@2x.png"; sourceTree = "<group>"; };
/* End PBXFileReference section */

/* Begin PBXFrameworksBuildPhase section */
		AA4D6EC1217CD92C001CFE56 /* Frameworks */ = {
			isa = PBXFrameworksBuildPhase;
			buildActionMask = 2147483647;
			files = (
			);
			runOnlyForDeploymentPostprocessing = 0;
		};
/* End PBXFrameworksBuildPhase section */

/* Begin PBXGroup section */
		AA006F3E217D0EE200A5392C /* Models */ = {
			isa = PBXGroup;
			children = (
				AA006F3F217D0EF900A5392C /* Quote.swift */,
			);
			path = Models;
			sourceTree = "<group>";
		};
		AA4D6EBB217CD92C001CFE56 = {
			isa = PBXGroup;
			children = (
				AA4D6EC6217CD92C001CFE56 /* Quotes */,
				AA4D6EC5217CD92C001CFE56 /* Products */,
			);
			sourceTree = "<group>";
		};
		AA4D6EC5217CD92C001CFE56 /* Products */ = {
			isa = PBXGroup;
			children = (
				AA4D6EC4217CD92C001CFE56 /* Quotes.app */,
			);
			name = Products;
			sourceTree = "<group>";
		};
		AA4D6EC6217CD92C001CFE56 /* Quotes */ = {
			isa = PBXGroup;
			children = (
				AA7A766421E910BB0056C98E /* Images */,
				AA006F3E217D0EE200A5392C /* Models */,
				AA4D6EC7217CD92C001CFE56 /* AppDelegate.swift */,
				AA4D6EC9217CD92C001CFE56 /* ViewController.swift */,
				AA4D6ECB217CD92C001CFE56 /* Main.storyboard */,
				AA4D6ECE217CD92D001CFE56 /* Assets.xcassets */,
				AA4D6ED0217CD92D001CFE56 /* LaunchScreen.storyboard */,
				AA4D6ED3217CD92D001CFE56 /* Info.plist */,
				AA006F3C217CF16E00A5392C /* QuoteBook.swift */,
			);
			path = Quotes;
			sourceTree = "<group>";
		};
		AA7A766421E910BB0056C98E /* Images */ = {
			isa = PBXGroup;
			children = (
				AAF8165F21EA8C7100A94797 /* circulo5.png */,
				AAF8166121EA8C7100A94797 /* circulo5@2x.png */,
				AAF8166021EA8C7100A94797 /* circulo5@3x.png */,
				AAF8165A21EA8C0C00A94797 /* circulo3.png */,
				AAF8165921EA8C0C00A94797 /* circulo3@2x.png */,
				AAF8165B21EA8C0D00A94797 /* circulo3@3x.png */,
				AAF8165421EA8B8700A94797 /* circulo1.png */,
				AAF8165321EA8B8700A94797 /* circulo1@2x.png */,
				AAF8165521EA8B8700A94797 /* circulo1@3x.png */,
				AA7A767321E9146A0056C98E /* circulo6.png */,
				AA7A767521E9146A0056C98E /* circulo6@2x.png */,
				AA7A767421E9146A0056C98E /* circulo6@3x.png */,
				AA7A766E21E9131E0056C98E /* circulo.png */,
				AA7A766F21E9131E0056C98E /* circulo@2x.png */,
				AA7A766D21E9131D0056C98E /* circulo@3x.png */,
				AA7A766721E911180056C98E /* circulo2.png */,
				AA7A766921E911180056C98E /* circulo2@2x.png */,
				AA7A766821E911180056C98E /* circulo2@3x.png */,
			);
			path = Images;
			sourceTree = "<group>";
		};
/* End PBXGroup section */

/* Begin PBXNativeTarget section */
		AA4D6EC3217CD92C001CFE56 /* Quotes */ = {
			isa = PBXNativeTarget;
			buildConfigurationList = AA4D6ED6217CD92D001CFE56 /* Build configuration list for PBXNativeTarget "Quotes" */;
			buildPhases = (
				AA4D6EC0217CD92C001CFE56 /* Sources */,
				AA4D6EC1217CD92C001CFE56 /* Frameworks */,
				AA4D6EC2217CD92C001CFE56 /* Resources */,
			);
			buildRules = (
			);
			dependencies = (
			);
			name = Quotes;
			productName = Quotes;
			productReference = AA4D6EC4217CD92C001CFE56 /* Quotes.app */;
			productType = "com.apple.product-type.application";
		};
/* End PBXNativeTarget section */

/* Begin PBXProject section */
		AA4D6EBC217CD92C001CFE56 /* Project object */ = {
			isa = PBXProject;
			attributes = {
				LastSwiftUpdateCheck = 1000;
				LastUpgradeCheck = 1000;
				ORGANIZATIONNAME = "Sebastian Ortiz Velez";
				TargetAttributes = {
					AA4D6EC3217CD92C001CFE56 = {
						CreatedOnToolsVersion = 10.0;
					};
				};
			};
			buildConfigurationList = AA4D6EBF217CD92C001CFE56 /* Build configuration list for PBXProject "Quotes" */;
			compatibilityVersion = "Xcode 9.3";
			developmentRegion = en;
			hasScannedForEncodings = 0;
			knownRegions = (
				en,
				Base,
			);
			mainGroup = AA4D6EBB217CD92C001CFE56;
			productRefGroup = AA4D6EC5217CD92C001CFE56 /* Products */;
			projectDirPath = "";
			projectRoot = "";
			targets = (
				AA4D6EC3217CD92C001CFE56 /* Quotes */,
			);
		};
/* End PBXProject section */

/* Begin PBXResourcesBuildPhase section */
		AA4D6EC2217CD92C001CFE56 /* Resources */ = {
			isa = PBXResourcesBuildPhase;
			buildActionMask = 2147483647;
			files = (
				AAF8165C21EA8C0D00A94797 /* circulo3@2x.png in Resources */,
				AA4D6ED2217CD92D001CFE56 /* LaunchScreen.storyboard in Resources */,
				AA7A767221E9131E0056C98E /* circulo@2x.png in Resources */,
				AAF8166321EA8C7100A94797 /* circulo5@3x.png in Resources */,
				AAF8165821EA8B8700A94797 /* circulo1@3x.png in Resources */,
				AA4D6ECF217CD92D001CFE56 /* Assets.xcassets in Resources */,
				AA7A767821E9146A0056C98E /* circulo6@2x.png in Resources */,
				AA7A767721E9146A0056C98E /* circulo6@3x.png in Resources */,
				AA7A766A21E911180056C98E /* circulo2.png in Resources */,
				AA4D6ECD217CD92C001CFE56 /* Main.storyboard in Resources */,
				AAF8165621EA8B8700A94797 /* circulo1@2x.png in Resources */,
				AA7A766B21E911180056C98E /* circulo2@3x.png in Resources */,
				AAF8165721EA8B8700A94797 /* circulo1.png in Resources */,
				AA7A766C21E911180056C98E /* circulo2@2x.png in Resources */,
				AAF8166421EA8C7100A94797 /* circulo5@2x.png in Resources */,
				AAF8165D21EA8C0D00A94797 /* circulo3.png in Resources */,
				AA7A767021E9131E0056C98E /* circulo@3x.png in Resources */,
				AAF8166221EA8C7100A94797 /* circulo5.png in Resources */,
				AAF8165E21EA8C0D00A94797 /* circulo3@3x.png in Resources */,
				AA7A767621E9146A0056C98E /* circulo6.png in Resources */,
				AA7A767121E9131E0056C98E /* circulo.png in Resources */,
			);
			runOnlyForDeploymentPostprocessing = 0;
		};
/* End PBXResourcesBuildPhase section */

/* Begin PBXSourcesBuildPhase section */
		AA4D6EC0217CD92C001CFE56 /* Sources */ = {
			isa = PBXSourcesBuildPhase;
			buildActionMask = 2147483647;
			files = (
				AA006F40217D0EF900A5392C /* Quote.swift in Sources */,
				AA006F3D217CF16E00A5392C /* QuoteBook.swift in Sources */,
				AA4D6ECA217CD92C001CFE56 /* ViewController.swift in Sources */,
				AA4D6EC8217CD92C001CFE56 /* AppDelegate.swift in Sources */,
			);
			runOnlyForDeploymentPostprocessing = 0;
		};
/* End PBXSourcesBuildPhase section */

/* Begin PBXVariantGroup section */
		AA4D6ECB217CD92C001CFE56 /* Main.storyboard */ = {
			isa = PBXVariantGroup;
			children = (
				AA4D6ECC217CD92C001CFE56 /* Base */,
			);
			name = Main.storyboard;
			sourceTree = "<group>";
		};
		AA4D6ED0217CD92D001CFE56 /* LaunchScreen.storyboard */ = {
			isa = PBXVariantGroup;
			children = (
				AA4D6ED1217CD92D001CFE56 /* Base */,
			);
			name = LaunchScreen.storyboard;
			sourceTree = "<group>";
		};
/* End PBXVariantGroup section */

/* Begin XCBuildConfiguration section */
		AA4D6ED4217CD92D001CFE56 /* Debug */ = {
			isa = XCBuildConfiguration;
			buildSettings = {
				ALWAYS_SEARCH_USER_PATHS = NO;
				CLANG_ANALYZER_NONNULL = YES;
				CLANG_ANALYZER_NUMBER_OBJECT_CONVERSION = YES_AGGRESSIVE;
				CLANG_CXX_LANGUAGE_STANDARD = "gnu++14";
				CLANG_CXX_LIBRARY = "libc++";
				CLANG_ENABLE_MODULES = YES;
				CLANG_ENABLE_OBJC_ARC = YES;
				CLANG_ENABLE_OBJC_WEAK = YES;
				CLANG_WARN_BLOCK_CAPTURE_AUTORELEASING = YES;
				CLANG_WARN_BOOL_CONVERSION = YES;
				CLANG_WARN_COMMA = YES;
				CLANG_WARN_CONSTANT_CONVERSION = YES;
				CLANG_WARN_DEPRECATED_OBJC_IMPLEMENTATIONS = YES;
				CLANG_WARN_DIRECT_OBJC_ISA_USAGE = YES_ERROR;
				CLANG_WARN_DOCUMENTATION_COMMENTS = YES;
				CLANG_WARN_EMPTY_BODY = YES;
				CLANG_WARN_ENUM_CONVERSION = YES;
				CLANG_WARN_INFINITE_RECURSION = YES;
				CLANG_WARN_INT_CONVERSION = YES;
				CLANG_WARN_NON_LITERAL_NULL_CONVERSION = YES;
				CLANG_WARN_OBJC_IMPLICIT_RETAIN_SELF = YES;
				CLANG_WARN_OBJC_LITERAL_CONVERSION = YES;
				CLANG_WARN_OBJC_ROOT_CLASS = YES_ERROR;
				CLANG_WARN_RANGE_LOOP_ANALYSIS = YES;
				CLANG_WARN_STRICT_PROTOTYPES = YES;
				CLANG_WARN_SUSPICIOUS_MOVE = YES;
				CLANG_WARN_UNGUARDED_AVAILABILITY = YES_AGGRESSIVE;
				CLANG_WARN_UNREACHABLE_CODE = YES;
				CLANG_WARN__DUPLICATE_METHOD_MATCH = YES;
				CODE_SIGN_IDENTITY = "iPhone Developer";
				COPY_PHASE_STRIP = NO;
				DEBUG_INFORMATION_FORMAT = dwarf;
				ENABLE_STRICT_OBJC_MSGSEND = YES;
				ENABLE_TESTABILITY = YES;
				GCC_C_LANGUAGE_STANDARD = gnu11;
				GCC_DYNAMIC_NO_PIC = NO;
				GCC_NO_COMMON_BLOCKS = YES;
				GCC_OPTIMIZATION_LEVEL = 0;
				GCC_PREPROCESSOR_DEFINITIONS = (
					"DEBUG=1",
					"$(inherited)",
				);
				GCC_WARN_64_TO_32_BIT_CONVERSION = YES;
				GCC_WARN_ABOUT_RETURN_TYPE = YES_ERROR;
				GCC_WARN_UNDECLARED_SELECTOR = YES;
				GCC_WARN_UNINITIALIZED_AUTOS = YES_AGGRESSIVE;
				GCC_WARN_UNUSED_FUNCTION = YES;
				GCC_WARN_UNUSED_VARIABLE = YES;
				IPHONEOS_DEPLOYMENT_TARGET = 12.0;
				MTL_ENABLE_DEBUG_INFO = INCLUDE_SOURCE;
				MTL_FAST_MATH = YES;
				ONLY_ACTIVE_ARCH = YES;
				SDKROOT = iphoneos;
				SWIFT_ACTIVE_COMPILATION_CONDITIONS = DEBUG;
				SWIFT_OPTIMIZATION_LEVEL = "-Onone";
			};
			name = Debug;
		};
		AA4D6ED5217CD92D001CFE56 /* Release */ = {
			isa = XCBuildConfiguration;
			buildSettings = {
				ALWAYS_SEARCH_USER_PATHS = NO;
				CLANG_ANALYZER_NONNULL = YES;
				CLANG_ANALYZER_NUMBER_OBJECT_CONVERSION = YES_AGGRESSIVE;
				CLANG_CXX_LANGUAGE_STANDARD = "gnu++14";
				CLANG_CXX_LIBRARY = "libc++";
				CLANG_ENABLE_MODULES = YES;
				CLANG_ENABLE_OBJC_ARC = YES;
				CLANG_ENABLE_OBJC_WEAK = YES;
				CLANG_WARN_BLOCK_CAPTURE_AUTORELEASING = YES;
				CLANG_WARN_BOOL_CONVERSION = YES;
				CLANG_WARN_COMMA = YES;
				CLANG_WARN_CONSTANT_CONVERSION = YES;
				CLANG_WARN_DEPRECATED_OBJC_IMPLEMENTATIONS = YES;
				CLANG_WARN_DIRECT_OBJC_ISA_USAGE = YES_ERROR;
				CLANG_WARN_DOCUMENTATION_COMMENTS = YES;
				CLANG_WARN_EMPTY_BODY = YES;
				CLANG_WARN_ENUM_CONVERSION = YES;
				CLANG_WARN_INFINITE_RECURSION = YES;
				CLANG_WARN_INT_CONVERSION = YES;
				CLANG_WARN_NON_LITERAL_NULL_CONVERSION = YES;
				CLANG_WARN_OBJC_IMPLICIT_RETAIN_SELF = YES;
				CLANG_WARN_OBJC_LITERAL_CONVERSION = YES;
				CLANG_WARN_OBJC_ROOT_CLASS = YES_ERROR;
				CLANG_WARN_RANGE_LOOP_ANALYSIS = YES;
				CLANG_WARN_STRICT_PROTOTYPES = YES;
				CLANG_WARN_SUSPICIOUS_MOVE = YES;
				CLANG_WARN_UNGUARDED_AVAILABILITY = YES_AGGRESSIVE;
				CLANG_WARN_UNREACHABLE_CODE = YES;
				CLANG_WARN__DUPLICATE_METHOD_MATCH = YES;
				CODE_SIGN_IDENTITY = "iPhone Developer";
				COPY_PHASE_STRIP = NO;
				DEBUG_INFORMATION_FORMAT = "dwarf-with-dsym";
				ENABLE_NS_ASSERTIONS = NO;
				ENABLE_STRICT_OBJC_MSGSEND = YES;
				GCC_C_LANGUAGE_STANDARD = gnu11;
				GCC_NO_COMMON_BLOCKS = YES;
				GCC_WARN_64_TO_32_BIT_CONVERSION = YES;
				GCC_WARN_ABOUT_RETURN_TYPE = YES_ERROR;
				GCC_WARN_UNDECLARED_SELECTOR = YES;
				GCC_WARN_UNINITIALIZED_AUTOS = YES_AGGRESSIVE;
				GCC_WARN_UNUSED_FUNCTION = YES;
				GCC_WARN_UNUSED_VARIABLE = YES;
				IPHONEOS_DEPLOYMENT_TARGET = 12.0;
				MTL_ENABLE_DEBUG_INFO = NO;
				MTL_FAST_MATH = YES;
				SDKROOT = iphoneos;
				SWIFT_COMPILATION_MODE = wholemodule;
				SWIFT_OPTIMIZATION_LEVEL = "-O";
				VALIDATE_PRODUCT = YES;
			};
			name = Release;
		};
		AA4D6ED7217CD92D001CFE56 /* Debug */ = {
			isa = XCBuildConfiguration;
			buildSettings = {
				ASSETCATALOG_COMPILER_APPICON_NAME = AppIcon;
				CODE_SIGN_STYLE = Automatic;
				DEVELOPMENT_TEAM = K68V4NAV57;
				INFOPLIST_FILE = Quotes/Info.plist;
				LD_RUNPATH_SEARCH_PATHS = (
					"$(inherited)",
					"@executable_path/Frameworks",
				);
				PRODUCT_BUNDLE_IDENTIFIER = sebastianOrtiz.Quotes;
				PRODUCT_NAME = "$(TARGET_NAME)";
				SWIFT_VERSION = 4.2;
				TARGETED_DEVICE_FAMILY = "1,2";
			};
			name = Debug;
		};
		AA4D6ED8217CD92D001CFE56 /* Release */ = {
			isa = XCBuildConfiguration;
			buildSettings = {
				ASSETCATALOG_COMPILER_APPICON_NAME = AppIcon;
				CODE_SIGN_STYLE = Automatic;
				DEVELOPMENT_TEAM = K68V4NAV57;
				INFOPLIST_FILE = Quotes/Info.plist;
				LD_RUNPATH_SEARCH_PATHS = (
					"$(inherited)",
					"@executable_path/Frameworks",
				);
				PRODUCT_BUNDLE_IDENTIFIER = sebastianOrtiz.Quotes;
				PRODUCT_NAME = "$(TARGET_NAME)";
				SWIFT_VERSION = 4.2;
				TARGETED_DEVICE_FAMILY = "1,2";
			};
			name = Release;
		};
/* End XCBuildConfiguration section */

/* Begin XCConfigurationList section */
		AA4D6EBF217CD92C001CFE56 /* Build configuration list for PBXProject "Quotes" */ = {
			isa = XCConfigurationList;
			buildConfigurations = (
				AA4D6ED4217CD92D001CFE56 /* Debug */,
				AA4D6ED5217CD92D001CFE56 /* Release */,
			);
			defaultConfigurationIsVisible = 0;
			defaultConfigurationName = Release;
		};
		AA4D6ED6217CD92D001CFE56 /* Build configuration list for PBXNativeTarget "Quotes" */ = {
			isa = XCConfigurationList;
			buildConfigurations = (
				AA4D6ED7217CD92D001CFE56 /* Debug */,
				AA4D6ED8217CD92D001CFE56 /* Release */,
			);
			defaultConfigurationIsVisible = 0;
			defaultConfigurationName = Release;
		};
/* End XCConfigurationList section */
	};
	rootObject = AA4D6EBC217CD92C001CFE56 /* Project object */;
}
